
Microsoft Visual Studio Solution File, Format Version 12.00
# Visual Studio 2013
VisualStudioVersion = 12.0.21005.1
MinimumVisualStudioVersion = 10.0.40219.1
Project("{8BC9CEB8-8B4A-11D0-8D11-00A0C91BC942}") = "AlohaWorld", "AlohaWorld\AlohaWorld.vcxproj", "{9FA23282-1FB4-4982-A0E5-2D81D180D269}"
EndProject
Project("{8BC9CEB8-8B4A-11D0-8D11-00A0C91BC942}") = "Temp", "Temp\Temp.vcxproj", "{806F92D8-A986-4FC7-8519-188A9F8E7D14}"
EndProject
Project("{2150E333-8FDC-42A3-9474-1A3956D46DE8}") = "Unit03", "Unit03", "{E960190E-BDAF-402C-BB4D-5DD7C6B6F2E1}"
EndProject
Project("{8BC9CEB8-8B4A-11D0-8D11-00A0C91BC942}") = "ReferenceVariable", "ReferenceVariable\ReferenceVariable.vcxproj", "{2720D5BC-F379-4550-A3BC-616F2750A3EE}"
EndProject
Project("{2150E333-8FDC-42A3-9474-1A3956D46DE8}") = "Unit02", "Unit02", "{A4A611BA-3E9F-4B55-95A2-85497C3009A3}"
EndProject
Project("{8BC9CEB8-8B4A-11D0-8D11-00A0C91BC942}") = "PassByValue", "passByValue\passByValue.vcxproj", "{B87E5658-5D6A-436A-B99A-75F52A6C6128}"
EndProject
Project("{8BC9CEB8-8B4A-11D0-8D11-00A0C91BC942}") = "PassByPointer", "PassByPointer\PassByPointer.vcxproj", "{F42DD502-DD62-48B0-9E97-E3A0536DA84E}"
EndProject
Project("{8BC9CEB8-8B4A-11D0-8D11-00A0C91BC942}") = "PassByReference", "PassByReference\PassByReference.vcxproj", "{B67A5979-3624-4576-9AD8-C6EEA0800176}"
EndProject
Project("{8BC9CEB8-8B4A-11D0-8D11-00A0C91BC942}") = "TestNewDelete", "TestNewDelete\TestNewDelete.vcxproj", "{20554A1B-0599-4D1D-A256-6DB241DDC8A2}"
EndProject
Project("{2150E333-8FDC-42A3-9474-1A3956D46DE8}") = "NewFolder1", "NewFolder1", "{9462C0DF-DB70-4EE8-BA51-3F69AB534B3D}"
EndProject
Global
	GlobalSection(SolutionConfigurationPlatforms) = preSolution
		Debug|Win32 = Debug|Win32
		Release|Win32 = Release|Win32
	EndGlobalSection
	GlobalSection(ProjectConfigurationPlatforms) = postSolution
		{9FA23282-1FB4-4982-A0E5-2D81D180D269}.Debug|Win32.ActiveCfg = Debug|Win32
		{9FA23282-1FB4-4982-A0E5-2D81D180D269}.Debug|Win32.Build.0 = Debug|Win32
		{9FA23282-1FB4-4982-A0E5-2D81D180D269}.Release|Win32.ActiveCfg = Release|Win32
		{9FA23282-1FB4-4982-A0E5-2D81D180D269}.Release|Win32.Build.0 = Release|Win32
		{806F92D8-A986-4FC7-8519-188A9F8E7D14}.Debug|Win32.ActiveCfg = Debug|Win32
		{806F92D8-A986-4FC7-8519-188A9F8E7D14}.Debug|Win32.Build.0 = Debug|Win32
		{806F92D8-A986-4FC7-8519-188A9F8E7D14}.Release|Win32.ActiveCfg = Release|Win32
		{806F92D8-A986-4FC7-8519-188A9F8E7D14}.Release|Win32.Build.0 = Release|Win32
		{2720D5BC-F379-4550-A3BC-616F2750A3EE}.Debug|Win32.ActiveCfg = Debug|Win32
		{2720D5BC-F379-4550-A3BC-616F2750A3EE}.Debug|Win32.Build.0 = Debug|Win32
		{2720D5BC-F379-4550-A3BC-616F2750A3EE}.Release|Win32.ActiveCfg = Release|Win32
		{2720D5BC-F379-4550-A3BC-616F2750A3EE}.Release|Win32.Build.0 = Release|Win32
		{B87E5658-5D6A-436A-B99A-75F52A6C6128}.Debug|Win32.ActiveCfg = Debug|Win32
		{B87E5658-5D6A-436A-B99A-75F52A6C6128}.Debug|Win32.Build.0 = Debug|Win32
		{B87E5658-5D6A-436A-B99A-75F52A6C6128}.Release|Win32.ActiveCfg = Release|Win32
		{B87E5658-5D6A-436A-B99A-75F52A6C6128}.Release|Win32.Build.0 = Release|Win32
		{F42DD502-DD62-48B0-9E97-E3A0536DA84E}.Debug|Win32.ActiveCfg = Debug|Win32
		{F42DD502-DD62-48B0-9E97-E3A0536DA84E}.Debug|Win32.Build.0 = Debug|Win32
		{F42DD502-DD62-48B0-9E97-E3A0536DA84E}.Release|Win32.ActiveCfg = Release|Win32
		{F42DD502-DD62-48B0-9E97-E3A0536DA84E}.Release|Win32.Build.0 = Release|Win32
		{B67A5979-3624-4576-9AD8-C6EEA0800176}.Debug|Win32.ActiveCfg = Debug|Win32
		{B67A5979-3624-4576-9AD8-C6EEA0800176}.Debug|Win32.Build.0 = Debug|Win32
		{B67A5979-3624-4576-9AD8-C6EEA0800176}.Release|Win32.ActiveCfg = Release|Win32
		{B67A5979-3624-4576-9AD8-C6EEA0800176}.Release|Win32.Build.0 = Release|Win32
		{20554A1B-0599-4D1D-A256-6DB241DDC8A2}.Debug|Win32.ActiveCfg = Debug|Win32
		{20554A1B-0599-4D1D-A256-6DB241DDC8A2}.Debug|Win32.Build.0 = Debug|Win32
		{20554A1B-0599-4D1D-A256-6DB241DDC8A2}.Release|Win32.ActiveCfg = Release|Win32
		{20554A1B-0599-4D1D-A256-6DB241DDC8A2}.Release|Win32.Build.0 = Release|Win32
	EndGlobalSection
	GlobalSection(SolutionProperties) = preSolution
		HideSolutionNode = FALSE
	EndGlobalSection
	GlobalSection(NestedProjects) = preSolution
		{2720D5BC-F379-4550-A3BC-616F2750A3EE} = {E960190E-BDAF-402C-BB4D-5DD7C6B6F2E1}
		{B87E5658-5D6A-436A-B99A-75F52A6C6128} = {E960190E-BDAF-402C-BB4D-5DD7C6B6F2E1}
		{F42DD502-DD62-48B0-9E97-E3A0536DA84E} = {E960190E-BDAF-402C-BB4D-5DD7C6B6F2E1}
		{B67A5979-3624-4576-9AD8-C6EEA0800176} = {E960190E-BDAF-402C-BB4D-5DD7C6B6F2E1}
		{20554A1B-0599-4D1D-A256-6DB241DDC8A2} = {E960190E-BDAF-402C-BB4D-5DD7C6B6F2E1}
		{9462C0DF-DB70-4EE8-BA51-3F69AB534B3D} = {E960190E-BDAF-402C-BB4D-5DD7C6B6F2E1}
		{9FA23282-1FB4-4982-A0E5-2D81D180D269} = {A4A611BA-3E9F-4B55-95A2-85497C3009A3}
		{806F92D8-A986-4FC7-8519-188A9F8E7D14} = {A4A611BA-3E9F-4B55-95A2-85497C3009A3}
	EndGlobalSection
EndGlobal
